
Microsoft Visual Studio Solution File, Format Version 12.00
# Visual Studio Version 16
VisualStudioVersion = 16.0.29009.5
MinimumVisualStudioVersion = 10.0.40219.1
Project("{9A19103F-16F7-4668-BE54-9A1E7A4F7556}") = "ClassifiedAds.Infrastructure", "ClassifiedAds.Infrastructure\ClassifiedAds.Infrastructure.csproj", "{FC4133A1-7A82-4AFB-9962-BA84A96B89BC}"
EndProject
Project("{9A19103F-16F7-4668-BE54-9A1E7A4F7556}") = "ClassifiedAds.CrossCuttingConcerns", "ClassifiedAds.CrossCuttingConcerns\ClassifiedAds.CrossCuttingConcerns.csproj", "{6ABD715C-9A22-4BCA-AA78-7D2563410923}"
EndProject
Project("{9A19103F-16F7-4668-BE54-9A1E7A4F7556}") = "ClassifiedAds.WebAPI", "ClassifiedAds.WebAPI\ClassifiedAds.WebAPI.csproj", "{F1C3F330-D7DE-4181-8ED9-66E6C620D5CD}"
EndProject
Project("{2150E333-8FDC-42A3-9474-1A3956D46DE8}") = "Common", "Common", "{BBD032E9-D75E-4CD8-A23A-7234480435BE}"
EndProject
Project("{9A19103F-16F7-4668-BE54-9A1E7A4F7556}") = "ClassifiedAds.Migrator", "ClassifiedAds.Migrator\ClassifiedAds.Migrator.csproj", "{95943383-5C81-45B6-8876-4789C00A9255}"
EndProject
Project("{2150E333-8FDC-42A3-9474-1A3956D46DE8}") = "Hosts", "Hosts", "{62A1AB08-A2DB-404F-B073-0F89CA780F45}"
EndProject
Project("{9A19103F-16F7-4668-BE54-9A1E7A4F7556}") = "ClassifiedAds.Domain", "ClassifiedAds.Domain\ClassifiedAds.Domain.csproj", "{54A5828A-61D6-4AF1-89D2-14CF7E336E43}"
EndProject
Project("{9A19103F-16F7-4668-BE54-9A1E7A4F7556}") = "ClassifiedAds.Application", "ClassifiedAds.Application\ClassifiedAds.Application.csproj", "{F6B99AB6-E840-402B-BE48-B463F0C98104}"
EndProject
Project("{2150E333-8FDC-42A3-9474-1A3956D46DE8}") = "Modules", "Modules", "{38967FEA-2C16-4297-8028-1B83DC14AC3F}"
EndProject
Project("{9A19103F-16F7-4668-BE54-9A1E7A4F7556}") = "ClassifiedAds.Modules.Notification", "ClassifiedAds.Modules.Notification\ClassifiedAds.Modules.Notification.csproj", "{BB2C39AF-A33D-49B4-AAE1-9D28AAE53BA4}"
EndProject
Project("{9A19103F-16F7-4668-BE54-9A1E7A4F7556}") = "ClassifiedAds.Modules.Identity", "ClassifiedAds.Modules.Identity\ClassifiedAds.Modules.Identity.csproj", "{19DF0BF0-91B3-44F1-810E-CD4E94E0A1F8}"
EndProject
Project("{9A19103F-16F7-4668-BE54-9A1E7A4F7556}") = "ClassifiedAds.Modules.Storage", "ClassifiedAds.Modules.Storage\ClassifiedAds.Modules.Storage.csproj", "{D6E4172C-506E-46D2-86BB-3E693A53103B}"
EndProject
Project("{9A19103F-16F7-4668-BE54-9A1E7A4F7556}") = "ClassifiedAds.Modules.AuditLog", "ClassifiedAds.Modules.AuditLog\ClassifiedAds.Modules.AuditLog.csproj", "{154EA02A-FEB0-458E-921E-C75678AF796E}"
EndProject
Project("{9A19103F-16F7-4668-BE54-9A1E7A4F7556}") = "ClassifiedAds.Modules.Product", "ClassifiedAds.Modules.Product\ClassifiedAds.Modules.Product.csproj", "{E8DD1746-6A6D-487F-8A42-C2166066C95B}"
EndProject
Project("{9A19103F-16F7-4668-BE54-9A1E7A4F7556}") = "ClassifiedAds.Modules.AuditLog.Contracts", "ClassifiedAds.Modules.AuditLog.Contracts\ClassifiedAds.Modules.AuditLog.Contracts.csproj", "{FC2FDA8F-2A42-4C7E-BF9A-1BA8055508D4}"
EndProject
Project("{9A19103F-16F7-4668-BE54-9A1E7A4F7556}") = "ClassifiedAds.Modules.Identity.Contracts", "ClassifiedAds.Modules.Identity.Contracts\ClassifiedAds.Modules.Identity.Contracts.csproj", "{84EC02FA-657E-4434-9FBA-8F99436A62B9}"
EndProject
Project("{9A19103F-16F7-4668-BE54-9A1E7A4F7556}") = "ClassifiedAds.IdentityServer", "ClassifiedAds.IdentityServer\ClassifiedAds.IdentityServer.csproj", "{3B35EA9C-4B5F-493B-BB17-C4F8794EE361}"
EndProject
Project("{9A19103F-16F7-4668-BE54-9A1E7A4F7556}") = "ClassifiedAds.Modules.Auth", "ClassifiedAds.Modules.Auth\ClassifiedAds.Modules.Auth.csproj", "{EA3EC8A6-8399-43C7-AE9C-E69EAFC74DC6}"
EndProject
Project("{9A19103F-16F7-4668-BE54-9A1E7A4F7556}") = "ClassifiedAds.Modules.Notification.Contracts", "ClassifiedAds.Modules.Notification.Contracts\ClassifiedAds.Modules.Notification.Contracts.csproj", "{276E2EBA-92E2-4565-983B-A54E3A572D45}"
EndProject
Project("{9A19103F-16F7-4668-BE54-9A1E7A4F7556}") = "ClassifiedAds.NotificationServer", "ClassifiedAds.NotificationServer\ClassifiedAds.NotificationServer.csproj", "{E0468E63-E7DA-4D18-ADFC-4F5480C64BAD}"
EndProject
Project("{2150E333-8FDC-42A3-9474-1A3956D46DE8}") = "AuditLog", "AuditLog", "{4813F689-CBA5-4A31-9104-ADA98363A40C}"
EndProject
Project("{2150E333-8FDC-42A3-9474-1A3956D46DE8}") = "Auth", "Auth", "{163FE6B9-C292-4881-ABF0-53E08F5AC476}"
EndProject
Project("{2150E333-8FDC-42A3-9474-1A3956D46DE8}") = "Identity", "Identity", "{23BB9589-9A2D-4950-9AF4-D3397DB3ECE1}"
EndProject
Project("{2150E333-8FDC-42A3-9474-1A3956D46DE8}") = "Storage", "Storage", "{30B83DEC-19F3-4414-BAF9-F3EF6CAB17C2}"
EndProject
Project("{2150E333-8FDC-42A3-9474-1A3956D46DE8}") = "Notification", "Notification", "{0110AF9F-6284-4506-AE7A-AC29CCB7E9AB}"
EndProject
Project("{2150E333-8FDC-42A3-9474-1A3956D46DE8}") = "Product", "Product", "{CB5232C3-8BB1-4BCB-9D34-2C5EB9B49090}"
EndProject
Project("{FAE04EC0-301F-11D3-BF4B-00C04F79EFBC}") = "ClassifiedAds.Modules.Product.UnitTests", "ClassifiedAds.Modules.Product.UnitTests\ClassifiedAds.Modules.Product.UnitTests.csproj", "{A578A1D0-55F2-4C28-B161-66336EF590A1}"
EndProject
Project("{FAE04EC0-301F-11D3-BF4B-00C04F79EFBC}") = "ClassifiedAds.Modules.Product.IntegrationTests", "ClassifiedAds.Modules.Product.IntegrationTests\ClassifiedAds.Modules.Product.IntegrationTests.csproj", "{71A26102-C6D9-438F-A8C8-92B02CEDECAD}"
EndProject
Project("{FAE04EC0-301F-11D3-BF4B-00C04F79EFBC}") = "ClassifiedAds.Modules.Product.EndToEndTests", "ClassifiedAds.Modules.Product.EndToEndTests\ClassifiedAds.Modules.Product.EndToEndTests.csproj", "{4795E8FC-5D27-48AB-A148-3E44B13D4AE0}"
EndProject
Global
	GlobalSection(SolutionConfigurationPlatforms) = preSolution
		Debug|Any CPU = Debug|Any CPU
		Release|Any CPU = Release|Any CPU
	EndGlobalSection
	GlobalSection(ProjectConfigurationPlatforms) = postSolution
		{FC4133A1-7A82-4AFB-9962-BA84A96B89BC}.Debug|Any CPU.ActiveCfg = Debug|Any CPU
		{FC4133A1-7A82-4AFB-9962-BA84A96B89BC}.Debug|Any CPU.Build.0 = Debug|Any CPU
		{FC4133A1-7A82-4AFB-9962-BA84A96B89BC}.Release|Any CPU.ActiveCfg = Release|Any CPU
		{FC4133A1-7A82-4AFB-9962-BA84A96B89BC}.Release|Any CPU.Build.0 = Release|Any CPU
		{6ABD715C-9A22-4BCA-AA78-7D2563410923}.Debug|Any CPU.ActiveCfg = Debug|Any CPU
		{6ABD715C-9A22-4BCA-AA78-7D2563410923}.Debug|Any CPU.Build.0 = Debug|Any CPU
		{6ABD715C-9A22-4BCA-AA78-7D2563410923}.Release|Any CPU.ActiveCfg = Release|Any CPU
		{6ABD715C-9A22-4BCA-AA78-7D2563410923}.Release|Any CPU.Build.0 = Release|Any CPU
		{F1C3F330-D7DE-4181-8ED9-66E6C620D5CD}.Debug|Any CPU.ActiveCfg = Debug|Any CPU
		{F1C3F330-D7DE-4181-8ED9-66E6C620D5CD}.Debug|Any CPU.Build.0 = Debug|Any CPU
		{F1C3F330-D7DE-4181-8ED9-66E6C620D5CD}.Release|Any CPU.ActiveCfg = Release|Any CPU
		{F1C3F330-D7DE-4181-8ED9-66E6C620D5CD}.Release|Any CPU.Build.0 = Release|Any CPU
		{95943383-5C81-45B6-8876-4789C00A9255}.Debug|Any CPU.ActiveCfg = Debug|Any CPU
		{95943383-5C81-45B6-8876-4789C00A9255}.Debug|Any CPU.Build.0 = Debug|Any CPU
		{95943383-5C81-45B6-8876-4789C00A9255}.Release|Any CPU.ActiveCfg = Release|Any CPU
		{95943383-5C81-45B6-8876-4789C00A9255}.Release|Any CPU.Build.0 = Release|Any CPU
		{54A5828A-61D6-4AF1-89D2-14CF7E336E43}.Debug|Any CPU.ActiveCfg = Debug|Any CPU
		{54A5828A-61D6-4AF1-89D2-14CF7E336E43}.Debug|Any CPU.Build.0 = Debug|Any CPU
		{54A5828A-61D6-4AF1-89D2-14CF7E336E43}.Release|Any CPU.ActiveCfg = Release|Any CPU
		{54A5828A-61D6-4AF1-89D2-14CF7E336E43}.Release|Any CPU.Build.0 = Release|Any CPU
		{F6B99AB6-E840-402B-BE48-B463F0C98104}.Debug|Any CPU.ActiveCfg = Debug|Any CPU
		{F6B99AB6-E840-402B-BE48-B463F0C98104}.Debug|Any CPU.Build.0 = Debug|Any CPU
		{F6B99AB6-E840-402B-BE48-B463F0C98104}.Release|Any CPU.ActiveCfg = Release|Any CPU
		{F6B99AB6-E840-402B-BE48-B463F0C98104}.Release|Any CPU.Build.0 = Release|Any CPU
		{BB2C39AF-A33D-49B4-AAE1-9D28AAE53BA4}.Debug|Any CPU.ActiveCfg = Debug|Any CPU
		{BB2C39AF-A33D-49B4-AAE1-9D28AAE53BA4}.Debug|Any CPU.Build.0 = Debug|Any CPU
		{BB2C39AF-A33D-49B4-AAE1-9D28AAE53BA4}.Release|Any CPU.ActiveCfg = Release|Any CPU
		{BB2C39AF-A33D-49B4-AAE1-9D28AAE53BA4}.Release|Any CPU.Build.0 = Release|Any CPU
		{19DF0BF0-91B3-44F1-810E-CD4E94E0A1F8}.Debug|Any CPU.ActiveCfg = Debug|Any CPU
		{19DF0BF0-91B3-44F1-810E-CD4E94E0A1F8}.Debug|Any CPU.Build.0 = Debug|Any CPU
		{19DF0BF0-91B3-44F1-810E-CD4E94E0A1F8}.Release|Any CPU.ActiveCfg = Release|Any CPU
		{19DF0BF0-91B3-44F1-810E-CD4E94E0A1F8}.Release|Any CPU.Build.0 = Release|Any CPU
		{D6E4172C-506E-46D2-86BB-3E693A53103B}.Debug|Any CPU.ActiveCfg = Debug|Any CPU
		{D6E4172C-506E-46D2-86BB-3E693A53103B}.Debug|Any CPU.Build.0 = Debug|Any CPU
		{D6E4172C-506E-46D2-86BB-3E693A53103B}.Release|Any CPU.ActiveCfg = Release|Any CPU
		{D6E4172C-506E-46D2-86BB-3E693A53103B}.Release|Any CPU.Build.0 = Release|Any CPU
		{154EA02A-FEB0-458E-921E-C75678AF796E}.Debug|Any CPU.ActiveCfg = Debug|Any CPU
		{154EA02A-FEB0-458E-921E-C75678AF796E}.Debug|Any CPU.Build.0 = Debug|Any CPU
		{154EA02A-FEB0-458E-921E-C75678AF796E}.Release|Any CPU.ActiveCfg = Release|Any CPU
		{154EA02A-FEB0-458E-921E-C75678AF796E}.Release|Any CPU.Build.0 = Release|Any CPU
		{E8DD1746-6A6D-487F-8A42-C2166066C95B}.Debug|Any CPU.ActiveCfg = Debug|Any CPU
		{E8DD1746-6A6D-487F-8A42-C2166066C95B}.Debug|Any CPU.Build.0 = Debug|Any CPU
		{E8DD1746-6A6D-487F-8A42-C2166066C95B}.Release|Any CPU.ActiveCfg = Release|Any CPU
		{E8DD1746-6A6D-487F-8A42-C2166066C95B}.Release|Any CPU.Build.0 = Release|Any CPU
		{FC2FDA8F-2A42-4C7E-BF9A-1BA8055508D4}.Debug|Any CPU.ActiveCfg = Debug|Any CPU
		{FC2FDA8F-2A42-4C7E-BF9A-1BA8055508D4}.Debug|Any CPU.Build.0 = Debug|Any CPU
		{FC2FDA8F-2A42-4C7E-BF9A-1BA8055508D4}.Release|Any CPU.ActiveCfg = Release|Any CPU
		{FC2FDA8F-2A42-4C7E-BF9A-1BA8055508D4}.Release|Any CPU.Build.0 = Release|Any CPU
		{84EC02FA-657E-4434-9FBA-8F99436A62B9}.Debug|Any CPU.ActiveCfg = Debug|Any CPU
		{84EC02FA-657E-4434-9FBA-8F99436A62B9}.Debug|Any CPU.Build.0 = Debug|Any CPU
		{84EC02FA-657E-4434-9FBA-8F99436A62B9}.Release|Any CPU.ActiveCfg = Release|Any CPU
		{84EC02FA-657E-4434-9FBA-8F99436A62B9}.Release|Any CPU.Build.0 = Release|Any CPU
		{3B35EA9C-4B5F-493B-BB17-C4F8794EE361}.Debug|Any CPU.ActiveCfg = Debug|Any CPU
		{3B35EA9C-4B5F-493B-BB17-C4F8794EE361}.Debug|Any CPU.Build.0 = Debug|Any CPU
		{3B35EA9C-4B5F-493B-BB17-C4F8794EE361}.Release|Any CPU.ActiveCfg = Release|Any CPU
		{3B35EA9C-4B5F-493B-BB17-C4F8794EE361}.Release|Any CPU.Build.0 = Release|Any CPU
		{EA3EC8A6-8399-43C7-AE9C-E69EAFC74DC6}.Debug|Any CPU.ActiveCfg = Debug|Any CPU
		{EA3EC8A6-8399-43C7-AE9C-E69EAFC74DC6}.Debug|Any CPU.Build.0 = Debug|Any CPU
		{EA3EC8A6-8399-43C7-AE9C-E69EAFC74DC6}.Release|Any CPU.ActiveCfg = Release|Any CPU
		{EA3EC8A6-8399-43C7-AE9C-E69EAFC74DC6}.Release|Any CPU.Build.0 = Release|Any CPU
		{276E2EBA-92E2-4565-983B-A54E3A572D45}.Debug|Any CPU.ActiveCfg = Debug|Any CPU
		{276E2EBA-92E2-4565-983B-A54E3A572D45}.Debug|Any CPU.Build.0 = Debug|Any CPU
		{276E2EBA-92E2-4565-983B-A54E3A572D45}.Release|Any CPU.ActiveCfg = Release|Any CPU
		{276E2EBA-92E2-4565-983B-A54E3A572D45}.Release|Any CPU.Build.0 = Release|Any CPU
		{E0468E63-E7DA-4D18-ADFC-4F5480C64BAD}.Debug|Any CPU.ActiveCfg = Debug|Any CPU
		{E0468E63-E7DA-4D18-ADFC-4F5480C64BAD}.Debug|Any CPU.Build.0 = Debug|Any CPU
		{E0468E63-E7DA-4D18-ADFC-4F5480C64BAD}.Release|Any CPU.ActiveCfg = Release|Any CPU
		{E0468E63-E7DA-4D18-ADFC-4F5480C64BAD}.Release|Any CPU.Build.0 = Release|Any CPU
		{A578A1D0-55F2-4C28-B161-66336EF590A1}.Debug|Any CPU.ActiveCfg = Debug|Any CPU
		{A578A1D0-55F2-4C28-B161-66336EF590A1}.Debug|Any CPU.Build.0 = Debug|Any CPU
		{A578A1D0-55F2-4C28-B161-66336EF590A1}.Release|Any CPU.ActiveCfg = Release|Any CPU
		{A578A1D0-55F2-4C28-B161-66336EF590A1}.Release|Any CPU.Build.0 = Release|Any CPU
		{71A26102-C6D9-438F-A8C8-92B02CEDECAD}.Debug|Any CPU.ActiveCfg = Debug|Any CPU
		{71A26102-C6D9-438F-A8C8-92B02CEDECAD}.Debug|Any CPU.Build.0 = Debug|Any CPU
		{71A26102-C6D9-438F-A8C8-92B02CEDECAD}.Release|Any CPU.ActiveCfg = Release|Any CPU
		{71A26102-C6D9-438F-A8C8-92B02CEDECAD}.Release|Any CPU.Build.0 = Release|Any CPU
		{4795E8FC-5D27-48AB-A148-3E44B13D4AE0}.Debug|Any CPU.ActiveCfg = Debug|Any CPU
		{4795E8FC-5D27-48AB-A148-3E44B13D4AE0}.Debug|Any CPU.Build.0 = Debug|Any CPU
		{4795E8FC-5D27-48AB-A148-3E44B13D4AE0}.Release|Any CPU.ActiveCfg = Release|Any CPU
		{4795E8FC-5D27-48AB-A148-3E44B13D4AE0}.Release|Any CPU.Build.0 = Release|Any CPU
	EndGlobalSection
	GlobalSection(SolutionProperties) = preSolution
		HideSolutionNode = FALSE
	EndGlobalSection
	GlobalSection(NestedProjects) = preSolution
		{FC4133A1-7A82-4AFB-9962-BA84A96B89BC} = {BBD032E9-D75E-4CD8-A23A-7234480435BE}
		{6ABD715C-9A22-4BCA-AA78-7D2563410923} = {BBD032E9-D75E-4CD8-A23A-7234480435BE}
		{F1C3F330-D7DE-4181-8ED9-66E6C620D5CD} = {62A1AB08-A2DB-404F-B073-0F89CA780F45}
		{95943383-5C81-45B6-8876-4789C00A9255} = {62A1AB08-A2DB-404F-B073-0F89CA780F45}
		{54A5828A-61D6-4AF1-89D2-14CF7E336E43} = {BBD032E9-D75E-4CD8-A23A-7234480435BE}
		{F6B99AB6-E840-402B-BE48-B463F0C98104} = {BBD032E9-D75E-4CD8-A23A-7234480435BE}
		{BB2C39AF-A33D-49B4-AAE1-9D28AAE53BA4} = {0110AF9F-6284-4506-AE7A-AC29CCB7E9AB}
		{19DF0BF0-91B3-44F1-810E-CD4E94E0A1F8} = {23BB9589-9A2D-4950-9AF4-D3397DB3ECE1}
		{D6E4172C-506E-46D2-86BB-3E693A53103B} = {30B83DEC-19F3-4414-BAF9-F3EF6CAB17C2}
		{154EA02A-FEB0-458E-921E-C75678AF796E} = {4813F689-CBA5-4A31-9104-ADA98363A40C}
		{E8DD1746-6A6D-487F-8A42-C2166066C95B} = {CB5232C3-8BB1-4BCB-9D34-2C5EB9B49090}
		{FC2FDA8F-2A42-4C7E-BF9A-1BA8055508D4} = {4813F689-CBA5-4A31-9104-ADA98363A40C}
		{84EC02FA-657E-4434-9FBA-8F99436A62B9} = {23BB9589-9A2D-4950-9AF4-D3397DB3ECE1}
		{3B35EA9C-4B5F-493B-BB17-C4F8794EE361} = {62A1AB08-A2DB-404F-B073-0F89CA780F45}
		{EA3EC8A6-8399-43C7-AE9C-E69EAFC74DC6} = {163FE6B9-C292-4881-ABF0-53E08F5AC476}
		{276E2EBA-92E2-4565-983B-A54E3A572D45} = {0110AF9F-6284-4506-AE7A-AC29CCB7E9AB}
		{E0468E63-E7DA-4D18-ADFC-4F5480C64BAD} = {62A1AB08-A2DB-404F-B073-0F89CA780F45}
		{4813F689-CBA5-4A31-9104-ADA98363A40C} = {38967FEA-2C16-4297-8028-1B83DC14AC3F}
		{163FE6B9-C292-4881-ABF0-53E08F5AC476} = {38967FEA-2C16-4297-8028-1B83DC14AC3F}
		{23BB9589-9A2D-4950-9AF4-D3397DB3ECE1} = {38967FEA-2C16-4297-8028-1B83DC14AC3F}
		{30B83DEC-19F3-4414-BAF9-F3EF6CAB17C2} = {38967FEA-2C16-4297-8028-1B83DC14AC3F}
		{0110AF9F-6284-4506-AE7A-AC29CCB7E9AB} = {38967FEA-2C16-4297-8028-1B83DC14AC3F}
		{CB5232C3-8BB1-4BCB-9D34-2C5EB9B49090} = {38967FEA-2C16-4297-8028-1B83DC14AC3F}
		{A578A1D0-55F2-4C28-B161-66336EF590A1} = {CB5232C3-8BB1-4BCB-9D34-2C5EB9B49090}
		{71A26102-C6D9-438F-A8C8-92B02CEDECAD} = {CB5232C3-8BB1-4BCB-9D34-2C5EB9B49090}
		{4795E8FC-5D27-48AB-A148-3E44B13D4AE0} = {CB5232C3-8BB1-4BCB-9D34-2C5EB9B49090}
	EndGlobalSection
	GlobalSection(ExtensibilityGlobals) = postSolution
		SolutionGuid = {A2C23354-4AAD-41AC-9E06-0A6F210ACEEF}
	EndGlobalSection
EndGlobal
