
Microsoft Visual Studio Solution File, Format Version 12.00
# Visual Studio Version 17
VisualStudioVersion = 17.4.33122.133
MinimumVisualStudioVersion = 10.0.40219.1
Project("{9A19103F-16F7-4668-BE54-9A1E7A4F7556}") = "ClassifiedAds.Infrastructure", "ClassifiedAds.Infrastructure\ClassifiedAds.Infrastructure.csproj", "{FC4133A1-7A82-4AFB-9962-BA84A96B89BC}"
EndProject
Project("{9A19103F-16F7-4668-BE54-9A1E7A4F7556}") = "ClassifiedAds.CrossCuttingConcerns", "ClassifiedAds.CrossCuttingConcerns\ClassifiedAds.CrossCuttingConcerns.csproj", "{6ABD715C-9A22-4BCA-AA78-7D2563410923}"
EndProject
Project("{9A19103F-16F7-4668-BE54-9A1E7A4F7556}") = "ClassifiedAds.WebAPI", "ClassifiedAds.WebAPI\ClassifiedAds.WebAPI.csproj", "{F1C3F330-D7DE-4181-8ED9-66E6C620D5CD}"
EndProject
Project("{2150E333-8FDC-42A3-9474-1A3956D46DE8}") = "BuildingBlocks", "BuildingBlocks", "{BBD032E9-D75E-4CD8-A23A-7234480435BE}"
EndProject
Project("{9A19103F-16F7-4668-BE54-9A1E7A4F7556}") = "ClassifiedAds.Migrator", "ClassifiedAds.Migrator\ClassifiedAds.Migrator.csproj", "{95943383-5C81-45B6-8876-4789C00A9255}"
EndProject
Project("{2150E333-8FDC-42A3-9474-1A3956D46DE8}") = "Hosts", "Hosts", "{62A1AB08-A2DB-404F-B073-0F89CA780F45}"
EndProject
Project("{9A19103F-16F7-4668-BE54-9A1E7A4F7556}") = "ClassifiedAds.Domain", "ClassifiedAds.Domain\ClassifiedAds.Domain.csproj", "{54A5828A-61D6-4AF1-89D2-14CF7E336E43}"
EndProject
Project("{9A19103F-16F7-4668-BE54-9A1E7A4F7556}") = "ClassifiedAds.Application", "ClassifiedAds.Application\ClassifiedAds.Application.csproj", "{F6B99AB6-E840-402B-BE48-B463F0C98104}"
EndProject
Project("{2150E333-8FDC-42A3-9474-1A3956D46DE8}") = "Modules", "Modules", "{38967FEA-2C16-4297-8028-1B83DC14AC3F}"
EndProject
Project("{9A19103F-16F7-4668-BE54-9A1E7A4F7556}") = "ClassifiedAds.Modules.Notification", "ClassifiedAds.Modules.Notification\ClassifiedAds.Modules.Notification.csproj", "{BB2C39AF-A33D-49B4-AAE1-9D28AAE53BA4}"
EndProject
Project("{9A19103F-16F7-4668-BE54-9A1E7A4F7556}") = "ClassifiedAds.Modules.Identity", "ClassifiedAds.Modules.Identity\ClassifiedAds.Modules.Identity.csproj", "{19DF0BF0-91B3-44F1-810E-CD4E94E0A1F8}"
EndProject
Project("{9A19103F-16F7-4668-BE54-9A1E7A4F7556}") = "ClassifiedAds.Modules.Storage", "ClassifiedAds.Modules.Storage\ClassifiedAds.Modules.Storage.csproj", "{D6E4172C-506E-46D2-86BB-3E693A53103B}"
EndProject
Project("{9A19103F-16F7-4668-BE54-9A1E7A4F7556}") = "ClassifiedAds.Modules.AuditLog", "ClassifiedAds.Modules.AuditLog\ClassifiedAds.Modules.AuditLog.csproj", "{154EA02A-FEB0-458E-921E-C75678AF796E}"
EndProject
Project("{9A19103F-16F7-4668-BE54-9A1E7A4F7556}") = "ClassifiedAds.Modules.Product", "ClassifiedAds.Modules.Product\ClassifiedAds.Modules.Product.csproj", "{E8DD1746-6A6D-487F-8A42-C2166066C95B}"
EndProject
Project("{2150E333-8FDC-42A3-9474-1A3956D46DE8}") = "AuditLog", "AuditLog", "{4813F689-CBA5-4A31-9104-ADA98363A40C}"
EndProject
Project("{2150E333-8FDC-42A3-9474-1A3956D46DE8}") = "Identity", "Identity", "{23BB9589-9A2D-4950-9AF4-D3397DB3ECE1}"
EndProject
Project("{2150E333-8FDC-42A3-9474-1A3956D46DE8}") = "Storage", "Storage", "{30B83DEC-19F3-4414-BAF9-F3EF6CAB17C2}"
EndProject
Project("{2150E333-8FDC-42A3-9474-1A3956D46DE8}") = "Notification", "Notification", "{0110AF9F-6284-4506-AE7A-AC29CCB7E9AB}"
EndProject
Project("{2150E333-8FDC-42A3-9474-1A3956D46DE8}") = "Product", "Product", "{CB5232C3-8BB1-4BCB-9D34-2C5EB9B49090}"
EndProject
Project("{9A19103F-16F7-4668-BE54-9A1E7A4F7556}") = "ClassifiedAds.Modules.Product.UnitTests", "ClassifiedAds.Modules.Product.UnitTests\ClassifiedAds.Modules.Product.UnitTests.csproj", "{A578A1D0-55F2-4C28-B161-66336EF590A1}"
EndProject
Project("{9A19103F-16F7-4668-BE54-9A1E7A4F7556}") = "ClassifiedAds.Modules.Product.IntegrationTests", "ClassifiedAds.Modules.Product.IntegrationTests\ClassifiedAds.Modules.Product.IntegrationTests.csproj", "{71A26102-C6D9-438F-A8C8-92B02CEDECAD}"
EndProject
Project("{9A19103F-16F7-4668-BE54-9A1E7A4F7556}") = "ClassifiedAds.Modules.Product.EndToEndTests", "ClassifiedAds.Modules.Product.EndToEndTests\ClassifiedAds.Modules.Product.EndToEndTests.csproj", "{4795E8FC-5D27-48AB-A148-3E44B13D4AE0}"
EndProject
Project("{9A19103F-16F7-4668-BE54-9A1E7A4F7556}") = "ClassifiedAds.BackgroundServer", "ClassifiedAds.BackgroundServer\ClassifiedAds.BackgroundServer.csproj", "{4CE975AB-01F3-4D67-94D8-CA049D691E27}"
EndProject
Project("{9A19103F-16F7-4668-BE54-9A1E7A4F7556}") = "ClassifiedAds.Modules.Configuration", "ClassifiedAds.Modules.Configuration\ClassifiedAds.Modules.Configuration.csproj", "{B556F32D-D996-4296-9075-E7E2E2F4B8C3}"
EndProject
Project("{2150E333-8FDC-42A3-9474-1A3956D46DE8}") = "Configuration", "Configuration", "{ECEF010F-6A7B-4418-83FF-1BEBA02A7F96}"
EndProject
Project("{9A19103F-16F7-4668-BE54-9A1E7A4F7556}") = "ClassifiedAds.Contracts", "ClassifiedAds.Contracts\ClassifiedAds.Contracts.csproj", "{00E6AFF5-98AA-4302-A33D-E3E4B9D15504}"
EndProject
Project("{2150E333-8FDC-42A3-9474-1A3956D46DE8}") = "Contracts", "Contracts", "{F7978955-2598-49D1-BB01-293F061004F1}"
EndProject
Global
	GlobalSection(SolutionConfigurationPlatforms) = preSolution
		Debug|Any CPU = Debug|Any CPU
		Release|Any CPU = Release|Any CPU
	EndGlobalSection
	GlobalSection(ProjectConfigurationPlatforms) = postSolution
		{FC4133A1-7A82-4AFB-9962-BA84A96B89BC}.Debug|Any CPU.ActiveCfg = Debug|Any CPU
		{FC4133A1-7A82-4AFB-9962-BA84A96B89BC}.Debug|Any CPU.Build.0 = Debug|Any CPU
		{FC4133A1-7A82-4AFB-9962-BA84A96B89BC}.Release|Any CPU.ActiveCfg = Release|Any CPU
		{FC4133A1-7A82-4AFB-9962-BA84A96B89BC}.Release|Any CPU.Build.0 = Release|Any CPU
		{6ABD715C-9A22-4BCA-AA78-7D2563410923}.Debug|Any CPU.ActiveCfg = Debug|Any CPU
		{6ABD715C-9A22-4BCA-AA78-7D2563410923}.Debug|Any CPU.Build.0 = Debug|Any CPU
		{6ABD715C-9A22-4BCA-AA78-7D2563410923}.Release|Any CPU.ActiveCfg = Release|Any CPU
		{6ABD715C-9A22-4BCA-AA78-7D2563410923}.Release|Any CPU.Build.0 = Release|Any CPU
		{F1C3F330-D7DE-4181-8ED9-66E6C620D5CD}.Debug|Any CPU.ActiveCfg = Debug|Any CPU
		{F1C3F330-D7DE-4181-8ED9-66E6C620D5CD}.Debug|Any CPU.Build.0 = Debug|Any CPU
		{F1C3F330-D7DE-4181-8ED9-66E6C620D5CD}.Release|Any CPU.ActiveCfg = Release|Any CPU
		{F1C3F330-D7DE-4181-8ED9-66E6C620D5CD}.Release|Any CPU.Build.0 = Release|Any CPU
		{95943383-5C81-45B6-8876-4789C00A9255}.Debug|Any CPU.ActiveCfg = Debug|Any CPU
		{95943383-5C81-45B6-8876-4789C00A9255}.Debug|Any CPU.Build.0 = Debug|Any CPU
		{95943383-5C81-45B6-8876-4789C00A9255}.Release|Any CPU.ActiveCfg = Release|Any CPU
		{95943383-5C81-45B6-8876-4789C00A9255}.Release|Any CPU.Build.0 = Release|Any CPU
		{54A5828A-61D6-4AF1-89D2-14CF7E336E43}.Debug|Any CPU.ActiveCfg = Debug|Any CPU
		{54A5828A-61D6-4AF1-89D2-14CF7E336E43}.Debug|Any CPU.Build.0 = Debug|Any CPU
		{54A5828A-61D6-4AF1-89D2-14CF7E336E43}.Release|Any CPU.ActiveCfg = Release|Any CPU
		{54A5828A-61D6-4AF1-89D2-14CF7E336E43}.Release|Any CPU.Build.0 = Release|Any CPU
		{F6B99AB6-E840-402B-BE48-B463F0C98104}.Debug|Any CPU.ActiveCfg = Debug|Any CPU
		{F6B99AB6-E840-402B-BE48-B463F0C98104}.Debug|Any CPU.Build.0 = Debug|Any CPU
		{F6B99AB6-E840-402B-BE48-B463F0C98104}.Release|Any CPU.ActiveCfg = Release|Any CPU
		{F6B99AB6-E840-402B-BE48-B463F0C98104}.Release|Any CPU.Build.0 = Release|Any CPU
		{BB2C39AF-A33D-49B4-AAE1-9D28AAE53BA4}.Debug|Any CPU.ActiveCfg = Debug|Any CPU
		{BB2C39AF-A33D-49B4-AAE1-9D28AAE53BA4}.Debug|Any CPU.Build.0 = Debug|Any CPU
		{BB2C39AF-A33D-49B4-AAE1-9D28AAE53BA4}.Release|Any CPU.ActiveCfg = Release|Any CPU
		{BB2C39AF-A33D-49B4-AAE1-9D28AAE53BA4}.Release|Any CPU.Build.0 = Release|Any CPU
		{19DF0BF0-91B3-44F1-810E-CD4E94E0A1F8}.Debug|Any CPU.ActiveCfg = Debug|Any CPU
		{19DF0BF0-91B3-44F1-810E-CD4E94E0A1F8}.Debug|Any CPU.Build.0 = Debug|Any CPU
		{19DF0BF0-91B3-44F1-810E-CD4E94E0A1F8}.Release|Any CPU.ActiveCfg = Release|Any CPU
		{19DF0BF0-91B3-44F1-810E-CD4E94E0A1F8}.Release|Any CPU.Build.0 = Release|Any CPU
		{D6E4172C-506E-46D2-86BB-3E693A53103B}.Debug|Any CPU.ActiveCfg = Debug|Any CPU
		{D6E4172C-506E-46D2-86BB-3E693A53103B}.Debug|Any CPU.Build.0 = Debug|Any CPU
		{D6E4172C-506E-46D2-86BB-3E693A53103B}.Release|Any CPU.ActiveCfg = Release|Any CPU
		{D6E4172C-506E-46D2-86BB-3E693A53103B}.Release|Any CPU.Build.0 = Release|Any CPU
		{154EA02A-FEB0-458E-921E-C75678AF796E}.Debug|Any CPU.ActiveCfg = Debug|Any CPU
		{154EA02A-FEB0-458E-921E-C75678AF796E}.Debug|Any CPU.Build.0 = Debug|Any CPU
		{154EA02A-FEB0-458E-921E-C75678AF796E}.Release|Any CPU.ActiveCfg = Release|Any CPU
		{154EA02A-FEB0-458E-921E-C75678AF796E}.Release|Any CPU.Build.0 = Release|Any CPU
		{E8DD1746-6A6D-487F-8A42-C2166066C95B}.Debug|Any CPU.ActiveCfg = Debug|Any CPU
		{E8DD1746-6A6D-487F-8A42-C2166066C95B}.Debug|Any CPU.Build.0 = Debug|Any CPU
		{E8DD1746-6A6D-487F-8A42-C2166066C95B}.Release|Any CPU.ActiveCfg = Release|Any CPU
		{E8DD1746-6A6D-487F-8A42-C2166066C95B}.Release|Any CPU.Build.0 = Release|Any CPU
		{A578A1D0-55F2-4C28-B161-66336EF590A1}.Debug|Any CPU.ActiveCfg = Debug|Any CPU
		{A578A1D0-55F2-4C28-B161-66336EF590A1}.Debug|Any CPU.Build.0 = Debug|Any CPU
		{A578A1D0-55F2-4C28-B161-66336EF590A1}.Release|Any CPU.ActiveCfg = Release|Any CPU
		{A578A1D0-55F2-4C28-B161-66336EF590A1}.Release|Any CPU.Build.0 = Release|Any CPU
		{71A26102-C6D9-438F-A8C8-92B02CEDECAD}.Debug|Any CPU.ActiveCfg = Debug|Any CPU
		{71A26102-C6D9-438F-A8C8-92B02CEDECAD}.Debug|Any CPU.Build.0 = Debug|Any CPU
		{71A26102-C6D9-438F-A8C8-92B02CEDECAD}.Release|Any CPU.ActiveCfg = Release|Any CPU
		{71A26102-C6D9-438F-A8C8-92B02CEDECAD}.Release|Any CPU.Build.0 = Release|Any CPU
		{4795E8FC-5D27-48AB-A148-3E44B13D4AE0}.Debug|Any CPU.ActiveCfg = Debug|Any CPU
		{4795E8FC-5D27-48AB-A148-3E44B13D4AE0}.Debug|Any CPU.Build.0 = Debug|Any CPU
		{4795E8FC-5D27-48AB-A148-3E44B13D4AE0}.Release|Any CPU.ActiveCfg = Release|Any CPU
		{4795E8FC-5D27-48AB-A148-3E44B13D4AE0}.Release|Any CPU.Build.0 = Release|Any CPU
		{4CE975AB-01F3-4D67-94D8-CA049D691E27}.Debug|Any CPU.ActiveCfg = Debug|Any CPU
		{4CE975AB-01F3-4D67-94D8-CA049D691E27}.Debug|Any CPU.Build.0 = Debug|Any CPU
		{4CE975AB-01F3-4D67-94D8-CA049D691E27}.Release|Any CPU.ActiveCfg = Release|Any CPU
		{4CE975AB-01F3-4D67-94D8-CA049D691E27}.Release|Any CPU.Build.0 = Release|Any CPU
		{B556F32D-D996-4296-9075-E7E2E2F4B8C3}.Debug|Any CPU.ActiveCfg = Debug|Any CPU
		{B556F32D-D996-4296-9075-E7E2E2F4B8C3}.Debug|Any CPU.Build.0 = Debug|Any CPU
		{B556F32D-D996-4296-9075-E7E2E2F4B8C3}.Release|Any CPU.ActiveCfg = Release|Any CPU
		{B556F32D-D996-4296-9075-E7E2E2F4B8C3}.Release|Any CPU.Build.0 = Release|Any CPU
		{00E6AFF5-98AA-4302-A33D-E3E4B9D15504}.Debug|Any CPU.ActiveCfg = Debug|Any CPU
		{00E6AFF5-98AA-4302-A33D-E3E4B9D15504}.Debug|Any CPU.Build.0 = Debug|Any CPU
		{00E6AFF5-98AA-4302-A33D-E3E4B9D15504}.Release|Any CPU.ActiveCfg = Release|Any CPU
		{00E6AFF5-98AA-4302-A33D-E3E4B9D15504}.Release|Any CPU.Build.0 = Release|Any CPU
	EndGlobalSection
	GlobalSection(SolutionProperties) = preSolution
		HideSolutionNode = FALSE
	EndGlobalSection
	GlobalSection(NestedProjects) = preSolution
		{FC4133A1-7A82-4AFB-9962-BA84A96B89BC} = {BBD032E9-D75E-4CD8-A23A-7234480435BE}
		{6ABD715C-9A22-4BCA-AA78-7D2563410923} = {BBD032E9-D75E-4CD8-A23A-7234480435BE}
		{F1C3F330-D7DE-4181-8ED9-66E6C620D5CD} = {62A1AB08-A2DB-404F-B073-0F89CA780F45}
		{95943383-5C81-45B6-8876-4789C00A9255} = {62A1AB08-A2DB-404F-B073-0F89CA780F45}
		{54A5828A-61D6-4AF1-89D2-14CF7E336E43} = {BBD032E9-D75E-4CD8-A23A-7234480435BE}
		{F6B99AB6-E840-402B-BE48-B463F0C98104} = {BBD032E9-D75E-4CD8-A23A-7234480435BE}
		{BB2C39AF-A33D-49B4-AAE1-9D28AAE53BA4} = {0110AF9F-6284-4506-AE7A-AC29CCB7E9AB}
		{19DF0BF0-91B3-44F1-810E-CD4E94E0A1F8} = {23BB9589-9A2D-4950-9AF4-D3397DB3ECE1}
		{D6E4172C-506E-46D2-86BB-3E693A53103B} = {30B83DEC-19F3-4414-BAF9-F3EF6CAB17C2}
		{154EA02A-FEB0-458E-921E-C75678AF796E} = {4813F689-CBA5-4A31-9104-ADA98363A40C}
		{E8DD1746-6A6D-487F-8A42-C2166066C95B} = {CB5232C3-8BB1-4BCB-9D34-2C5EB9B49090}
		{4813F689-CBA5-4A31-9104-ADA98363A40C} = {38967FEA-2C16-4297-8028-1B83DC14AC3F}
		{23BB9589-9A2D-4950-9AF4-D3397DB3ECE1} = {38967FEA-2C16-4297-8028-1B83DC14AC3F}
		{30B83DEC-19F3-4414-BAF9-F3EF6CAB17C2} = {38967FEA-2C16-4297-8028-1B83DC14AC3F}
		{0110AF9F-6284-4506-AE7A-AC29CCB7E9AB} = {38967FEA-2C16-4297-8028-1B83DC14AC3F}
		{CB5232C3-8BB1-4BCB-9D34-2C5EB9B49090} = {38967FEA-2C16-4297-8028-1B83DC14AC3F}
		{A578A1D0-55F2-4C28-B161-66336EF590A1} = {CB5232C3-8BB1-4BCB-9D34-2C5EB9B49090}
		{71A26102-C6D9-438F-A8C8-92B02CEDECAD} = {CB5232C3-8BB1-4BCB-9D34-2C5EB9B49090}
		{4795E8FC-5D27-48AB-A148-3E44B13D4AE0} = {CB5232C3-8BB1-4BCB-9D34-2C5EB9B49090}
		{4CE975AB-01F3-4D67-94D8-CA049D691E27} = {62A1AB08-A2DB-404F-B073-0F89CA780F45}
		{B556F32D-D996-4296-9075-E7E2E2F4B8C3} = {ECEF010F-6A7B-4418-83FF-1BEBA02A7F96}
		{ECEF010F-6A7B-4418-83FF-1BEBA02A7F96} = {38967FEA-2C16-4297-8028-1B83DC14AC3F}
		{00E6AFF5-98AA-4302-A33D-E3E4B9D15504} = {F7978955-2598-49D1-BB01-293F061004F1}
	EndGlobalSection
	GlobalSection(ExtensibilityGlobals) = postSolution
		SolutionGuid = {A2C23354-4AAD-41AC-9E06-0A6F210ACEEF}
	EndGlobalSection
EndGlobal
