
Microsoft Visual Studio Solution File, Format Version 12.00
# Visual Studio Version 16
VisualStudioVersion = 16.0.29613.14
MinimumVisualStudioVersion = 10.0.40219.1
Project("{FAE04EC0-301F-11D3-BF4B-00C04F79EFBC}") = "ClassifiedAds.Gateways.GraphQL", "ClassifiedAds.Gateways.GraphQL\ClassifiedAds.Gateways.GraphQL.csproj", "{E2901A1C-92C7-4A1C-A29E-A420AEFF4680}"
EndProject
Global
	GlobalSection(SolutionConfigurationPlatforms) = preSolution
		Debug|Any CPU = Debug|Any CPU
		Release|Any CPU = Release|Any CPU
	EndGlobalSection
	GlobalSection(ProjectConfigurationPlatforms) = postSolution
		{E2901A1C-92C7-4A1C-A29E-A420AEFF4680}.Debug|Any CPU.ActiveCfg = Debug|Any CPU
		{E2901A1C-92C7-4A1C-A29E-A420AEFF4680}.Debug|Any CPU.Build.0 = Debug|Any CPU
		{E2901A1C-92C7-4A1C-A29E-A420AEFF4680}.Release|Any CPU.ActiveCfg = Release|Any CPU
		{E2901A1C-92C7-4A1C-A29E-A420AEFF4680}.Release|Any CPU.Build.0 = Release|Any CPU
	EndGlobalSection
	GlobalSection(SolutionProperties) = preSolution
		HideSolutionNode = FALSE
	EndGlobalSection
	GlobalSection(ExtensibilityGlobals) = postSolution
		SolutionGuid = {E36026CB-1B9B-4E2D-A037-7FEE1B1D7A2F}
	EndGlobalSection
EndGlobal
