
Microsoft Visual Studio Solution File, Format Version 12.00
# Visual Studio Version 16
VisualStudioVersion = 16.0.29613.14
MinimumVisualStudioVersion = 10.0.40219.1
Project("{FAE04EC0-301F-11D3-BF4B-00C04F79EFBC}") = "ClassifiedAds.Services.Notification", "ClassifiedAds.Services.Notification\ClassifiedAds.Services.Notification.csproj", "{87177EB5-668B-4DAF-94EB-6A0E648F61FC}"
EndProject
Global
	GlobalSection(SolutionConfigurationPlatforms) = preSolution
		Debug|Any CPU = Debug|Any CPU
		Release|Any CPU = Release|Any CPU
	EndGlobalSection
	GlobalSection(ProjectConfigurationPlatforms) = postSolution
		{87177EB5-668B-4DAF-94EB-6A0E648F61FC}.Debug|Any CPU.ActiveCfg = Debug|Any CPU
		{87177EB5-668B-4DAF-94EB-6A0E648F61FC}.Debug|Any CPU.Build.0 = Debug|Any CPU
		{87177EB5-668B-4DAF-94EB-6A0E648F61FC}.Release|Any CPU.ActiveCfg = Release|Any CPU
		{87177EB5-668B-4DAF-94EB-6A0E648F61FC}.Release|Any CPU.Build.0 = Release|Any CPU
	EndGlobalSection
	GlobalSection(SolutionProperties) = preSolution
		HideSolutionNode = FALSE
	EndGlobalSection
	GlobalSection(ExtensibilityGlobals) = postSolution
		SolutionGuid = {30E27282-8734-431E-9D2B-B187610A6765}
	EndGlobalSection
EndGlobal
