
Microsoft Visual Studio Solution File, Format Version 12.00
# Visual Studio Version 16
VisualStudioVersion = 16.0.29613.14
MinimumVisualStudioVersion = 10.0.40219.1
Project("{9A19103F-16F7-4668-BE54-9A1E7A4F7556}") = "ClassifiedAds.Services.Notification.Api", "ClassifiedAds.Services.Notification.Api\ClassifiedAds.Services.Notification.Api.csproj", "{87177EB5-668B-4DAF-94EB-6A0E648F61FC}"
EndProject
Project("{9A19103F-16F7-4668-BE54-9A1E7A4F7556}") = "ClassifiedAds.Services.Notification.Grpc", "ClassifiedAds.Services.Notification.Grpc\ClassifiedAds.Services.Notification.Grpc.csproj", "{72FFBCF4-AE42-4747-B783-8EA75020B73D}"
EndProject
Project("{9A19103F-16F7-4668-BE54-9A1E7A4F7556}") = "ClassifiedAds.Services.Notification.Background", "ClassifiedAds.Services.Notification.Background\ClassifiedAds.Services.Notification.Background.csproj", "{4893EB49-3AD3-4E36-83BD-C2B1D654BB6E}"
EndProject
Global
	GlobalSection(SolutionConfigurationPlatforms) = preSolution
		Debug|Any CPU = Debug|Any CPU
		Release|Any CPU = Release|Any CPU
	EndGlobalSection
	GlobalSection(ProjectConfigurationPlatforms) = postSolution
		{87177EB5-668B-4DAF-94EB-6A0E648F61FC}.Debug|Any CPU.ActiveCfg = Debug|Any CPU
		{87177EB5-668B-4DAF-94EB-6A0E648F61FC}.Debug|Any CPU.Build.0 = Debug|Any CPU
		{87177EB5-668B-4DAF-94EB-6A0E648F61FC}.Release|Any CPU.ActiveCfg = Release|Any CPU
		{87177EB5-668B-4DAF-94EB-6A0E648F61FC}.Release|Any CPU.Build.0 = Release|Any CPU
		{72FFBCF4-AE42-4747-B783-8EA75020B73D}.Debug|Any CPU.ActiveCfg = Debug|Any CPU
		{72FFBCF4-AE42-4747-B783-8EA75020B73D}.Debug|Any CPU.Build.0 = Debug|Any CPU
		{72FFBCF4-AE42-4747-B783-8EA75020B73D}.Release|Any CPU.ActiveCfg = Release|Any CPU
		{72FFBCF4-AE42-4747-B783-8EA75020B73D}.Release|Any CPU.Build.0 = Release|Any CPU
		{4893EB49-3AD3-4E36-83BD-C2B1D654BB6E}.Debug|Any CPU.ActiveCfg = Debug|Any CPU
		{4893EB49-3AD3-4E36-83BD-C2B1D654BB6E}.Debug|Any CPU.Build.0 = Debug|Any CPU
		{4893EB49-3AD3-4E36-83BD-C2B1D654BB6E}.Release|Any CPU.ActiveCfg = Release|Any CPU
		{4893EB49-3AD3-4E36-83BD-C2B1D654BB6E}.Release|Any CPU.Build.0 = Release|Any CPU
	EndGlobalSection
	GlobalSection(SolutionProperties) = preSolution
		HideSolutionNode = FALSE
	EndGlobalSection
	GlobalSection(ExtensibilityGlobals) = postSolution
		SolutionGuid = {30E27282-8734-431E-9D2B-B187610A6765}
	EndGlobalSection
EndGlobal
