
Microsoft Visual Studio Solution File, Format Version 12.00
# Visual Studio Version 16
VisualStudioVersion = 16.0.29613.14
MinimumVisualStudioVersion = 10.0.40219.1
Project("{FAE04EC0-301F-11D3-BF4B-00C04F79EFBC}") = "ClassifiedAds.Services.Storage.Api", "ClassifiedAds.Services.Storage.Api\ClassifiedAds.Services.Storage.Api.csproj", "{7842E838-C54C-46F5-8789-771747A2DA13}"
EndProject
Global
	GlobalSection(SolutionConfigurationPlatforms) = preSolution
		Debug|Any CPU = Debug|Any CPU
		Release|Any CPU = Release|Any CPU
	EndGlobalSection
	GlobalSection(ProjectConfigurationPlatforms) = postSolution
		{7842E838-C54C-46F5-8789-771747A2DA13}.Debug|Any CPU.ActiveCfg = Debug|Any CPU
		{7842E838-C54C-46F5-8789-771747A2DA13}.Debug|Any CPU.Build.0 = Debug|Any CPU
		{7842E838-C54C-46F5-8789-771747A2DA13}.Release|Any CPU.ActiveCfg = Release|Any CPU
		{7842E838-C54C-46F5-8789-771747A2DA13}.Release|Any CPU.Build.0 = Release|Any CPU
	EndGlobalSection
	GlobalSection(SolutionProperties) = preSolution
		HideSolutionNode = FALSE
	EndGlobalSection
	GlobalSection(ExtensibilityGlobals) = postSolution
		SolutionGuid = {ABFAE553-F58B-4B1C-988B-E9287DA18E37}
	EndGlobalSection
EndGlobal
