
Microsoft Visual Studio Solution File, Format Version 12.00
# Visual Studio Version 17
VisualStudioVersion = 17.6.33829.357
MinimumVisualStudioVersion = 10.0.40219.1
Project("{9A19103F-16F7-4668-BE54-9A1E7A4F7556}") = "ReverseProxy.Yarp", "ReverseProxy.Yarp.csproj", "{FA60DBAB-849A-45E6-B321-100F7A596B04}"
EndProject
Global
	GlobalSection(SolutionConfigurationPlatforms) = preSolution
		Debug|Any CPU = Debug|Any CPU
		Release|Any CPU = Release|Any CPU
	EndGlobalSection
	GlobalSection(ProjectConfigurationPlatforms) = postSolution
		{FA60DBAB-849A-45E6-B321-100F7A596B04}.Debug|Any CPU.ActiveCfg = Debug|Any CPU
		{FA60DBAB-849A-45E6-B321-100F7A596B04}.Debug|Any CPU.Build.0 = Debug|Any CPU
		{FA60DBAB-849A-45E6-B321-100F7A596B04}.Release|Any CPU.ActiveCfg = Release|Any CPU
		{FA60DBAB-849A-45E6-B321-100F7A596B04}.Release|Any CPU.Build.0 = Release|Any CPU
	EndGlobalSection
	GlobalSection(SolutionProperties) = preSolution
		HideSolutionNode = FALSE
	EndGlobalSection
	GlobalSection(ExtensibilityGlobals) = postSolution
		SolutionGuid = {52006721-468B-45C6-BABD-9722959E0210}
	EndGlobalSection
EndGlobal
