
Microsoft Visual Studio Solution File, Format Version 12.00
# Visual Studio Version 16
VisualStudioVersion = 16.0.29009.5
MinimumVisualStudioVersion = 10.0.40219.1
Project("{9A19103F-16F7-4668-BE54-9A1E7A4F7556}") = "ClassifiedAds.Persistence", "ClassifiedAds.Persistence\ClassifiedAds.Persistence.csproj", "{BA1D8E3E-555F-4C20-B6A0-55C146BFBCC7}"
EndProject
Project("{9A19103F-16F7-4668-BE54-9A1E7A4F7556}") = "ClassifiedAds.Infrastructure", "ClassifiedAds.Infrastructure\ClassifiedAds.Infrastructure.csproj", "{FC4133A1-7A82-4AFB-9962-BA84A96B89BC}"
EndProject
Project("{9A19103F-16F7-4668-BE54-9A1E7A4F7556}") = "ClassifiedAds.CrossCuttingConcerns", "ClassifiedAds.CrossCuttingConcerns\ClassifiedAds.CrossCuttingConcerns.csproj", "{6ABD715C-9A22-4BCA-AA78-7D2563410923}"
EndProject
Project("{9A19103F-16F7-4668-BE54-9A1E7A4F7556}") = "ClassifiedAds.WebAPI", "ClassifiedAds.WebAPI\ClassifiedAds.WebAPI.csproj", "{F1C3F330-D7DE-4181-8ED9-66E6C620D5CD}"
EndProject
Project("{9A19103F-16F7-4668-BE54-9A1E7A4F7556}") = "ClassifiedAds.IdentityServer", "ClassifiedAds.IdentityServer\ClassifiedAds.IdentityServer.csproj", "{0A58317B-5526-41D6-9FF6-BE50314C7C85}"
EndProject
Project("{9A19103F-16F7-4668-BE54-9A1E7A4F7556}") = "ClassifiedAds.WebMVC", "ClassifiedAds.WebMVC\ClassifiedAds.WebMVC.csproj", "{CFDF9CC8-0B83-4FF0-AC76-36AA6E8DB565}"
EndProject
Project("{2150E333-8FDC-42A3-9474-1A3956D46DE8}") = "Presentations", "Presentations", "{C6061573-0203-4860-AD42-4C6C2CF55110}"
EndProject
Project("{2150E333-8FDC-42A3-9474-1A3956D46DE8}") = "Infrastructure", "Infrastructure", "{03D8062A-ED63-4568-AFEC-0B31A9F14EF7}"
EndProject
Project("{2150E333-8FDC-42A3-9474-1A3956D46DE8}") = "CrossCuttingConcerns", "CrossCuttingConcerns", "{4EA56CC8-E963-4D0A-990C-4845C8C06056}"
EndProject
Project("{2150E333-8FDC-42A3-9474-1A3956D46DE8}") = "Persistence", "Persistence", "{1FB7D402-B430-4487-AAD3-CB96EA00ACB1}"
EndProject
Project("{2150E333-8FDC-42A3-9474-1A3956D46DE8}") = "Core", "Core", "{BBD032E9-D75E-4CD8-A23A-7234480435BE}"
EndProject
Project("{9A19103F-16F7-4668-BE54-9A1E7A4F7556}") = "ClassifiedAds.NotificationServer", "ClassifiedAds.NotificationServer\ClassifiedAds.NotificationServer.csproj", "{53FE6014-FBEC-447A-90AA-F579B13C4B8E}"
EndProject
Project("{9A19103F-16F7-4668-BE54-9A1E7A4F7556}") = "ClassifiedAds.Migrator", "ClassifiedAds.Migrator\ClassifiedAds.Migrator.csproj", "{95943383-5C81-45B6-8876-4789C00A9255}"
EndProject
Project("{2150E333-8FDC-42A3-9474-1A3956D46DE8}") = "Tests", "Tests", "{60BC7A82-187C-43E2-8C37-DE610700A7FA}"
EndProject
Project("{9A19103F-16F7-4668-BE54-9A1E7A4F7556}") = "ClassifiedAds.GraphQL", "ClassifiedAds.GraphQL\ClassifiedAds.GraphQL.csproj", "{FDBA0506-A4E7-405B-918D-66A195F16C95}"
EndProject
Project("{2150E333-8FDC-42A3-9474-1A3956D46DE8}") = "Proxies", "Proxies", "{B7638821-9A76-4994-90DD-8F9C71478E7B}"
EndProject
Project("{9A19103F-16F7-4668-BE54-9A1E7A4F7556}") = "ClassifiedAds.Ocelot", "ClassifiedAds.Ocelot\ClassifiedAds.Ocelot.csproj", "{5916EA70-2109-4349-B976-89CD777FE5A9}"
EndProject
Project("{9A19103F-16F7-4668-BE54-9A1E7A4F7556}") = "ClassifiedAds.BackgroundServer", "ClassifiedAds.BackgroundServer\ClassifiedAds.BackgroundServer.csproj", "{72E42908-63F6-4981-9023-6018C66604D8}"
EndProject
Project("{9A19103F-16F7-4668-BE54-9A1E7A4F7556}") = "ClassifiedAds.Blazor", "ClassifiedAds.Blazor\ClassifiedAds.Blazor.csproj", "{C81F1271-131E-4AF8-AA05-658374FB393E}"
EndProject
Project("{2150E333-8FDC-42A3-9474-1A3956D46DE8}") = "BackEnds", "BackEnds", "{62A1AB08-A2DB-404F-B073-0F89CA780F45}"
EndProject
Project("{2150E333-8FDC-42A3-9474-1A3956D46DE8}") = "UIs", "UIs", "{4B31AB94-7016-4C77-951E-84792D6EBEAC}"
EndProject
Project("{9A19103F-16F7-4668-BE54-9A1E7A4F7556}") = "ClassifiedAds.Domain", "ClassifiedAds.Domain\ClassifiedAds.Domain.csproj", "{54A5828A-61D6-4AF1-89D2-14CF7E336E43}"
EndProject
Project("{9A19103F-16F7-4668-BE54-9A1E7A4F7556}") = "ClassifiedAds.Application", "ClassifiedAds.Application\ClassifiedAds.Application.csproj", "{F6B99AB6-E840-402B-BE48-B463F0C98104}"
EndProject
Project("{9A19103F-16F7-4668-BE54-9A1E7A4F7556}") = "ClassifiedAds.UnitTests", "ClassifiedAds.UnitTests\ClassifiedAds.UnitTests.csproj", "{D1373C88-A7F9-404A-A39C-31F2C894EA11}"
EndProject
Project("{9A19103F-16F7-4668-BE54-9A1E7A4F7556}") = "ClassifiedAds.IntegrationTests", "ClassifiedAds.IntegrationTests\ClassifiedAds.IntegrationTests.csproj", "{A9444B01-1964-4C99-AD57-5A2DF28F702C}"
EndProject
Project("{9A19103F-16F7-4668-BE54-9A1E7A4F7556}") = "ClassifiedAds.EndToEndTests", "ClassifiedAds.EndToEndTests\ClassifiedAds.EndToEndTests.csproj", "{6F1668FE-3E12-422B-814B-4AA79AF7B775}"
EndProject
Global
	GlobalSection(SolutionConfigurationPlatforms) = preSolution
		Debug|Any CPU = Debug|Any CPU
		Release|Any CPU = Release|Any CPU
	EndGlobalSection
	GlobalSection(ProjectConfigurationPlatforms) = postSolution
		{BA1D8E3E-555F-4C20-B6A0-55C146BFBCC7}.Debug|Any CPU.ActiveCfg = Debug|Any CPU
		{BA1D8E3E-555F-4C20-B6A0-55C146BFBCC7}.Debug|Any CPU.Build.0 = Debug|Any CPU
		{BA1D8E3E-555F-4C20-B6A0-55C146BFBCC7}.Release|Any CPU.ActiveCfg = Release|Any CPU
		{BA1D8E3E-555F-4C20-B6A0-55C146BFBCC7}.Release|Any CPU.Build.0 = Release|Any CPU
		{FC4133A1-7A82-4AFB-9962-BA84A96B89BC}.Debug|Any CPU.ActiveCfg = Debug|Any CPU
		{FC4133A1-7A82-4AFB-9962-BA84A96B89BC}.Debug|Any CPU.Build.0 = Debug|Any CPU
		{FC4133A1-7A82-4AFB-9962-BA84A96B89BC}.Release|Any CPU.ActiveCfg = Release|Any CPU
		{FC4133A1-7A82-4AFB-9962-BA84A96B89BC}.Release|Any CPU.Build.0 = Release|Any CPU
		{6ABD715C-9A22-4BCA-AA78-7D2563410923}.Debug|Any CPU.ActiveCfg = Debug|Any CPU
		{6ABD715C-9A22-4BCA-AA78-7D2563410923}.Debug|Any CPU.Build.0 = Debug|Any CPU
		{6ABD715C-9A22-4BCA-AA78-7D2563410923}.Release|Any CPU.ActiveCfg = Release|Any CPU
		{6ABD715C-9A22-4BCA-AA78-7D2563410923}.Release|Any CPU.Build.0 = Release|Any CPU
		{F1C3F330-D7DE-4181-8ED9-66E6C620D5CD}.Debug|Any CPU.ActiveCfg = Debug|Any CPU
		{F1C3F330-D7DE-4181-8ED9-66E6C620D5CD}.Debug|Any CPU.Build.0 = Debug|Any CPU
		{F1C3F330-D7DE-4181-8ED9-66E6C620D5CD}.Release|Any CPU.ActiveCfg = Release|Any CPU
		{F1C3F330-D7DE-4181-8ED9-66E6C620D5CD}.Release|Any CPU.Build.0 = Release|Any CPU
		{0A58317B-5526-41D6-9FF6-BE50314C7C85}.Debug|Any CPU.ActiveCfg = Debug|Any CPU
		{0A58317B-5526-41D6-9FF6-BE50314C7C85}.Debug|Any CPU.Build.0 = Debug|Any CPU
		{0A58317B-5526-41D6-9FF6-BE50314C7C85}.Release|Any CPU.ActiveCfg = Release|Any CPU
		{0A58317B-5526-41D6-9FF6-BE50314C7C85}.Release|Any CPU.Build.0 = Release|Any CPU
		{CFDF9CC8-0B83-4FF0-AC76-36AA6E8DB565}.Debug|Any CPU.ActiveCfg = Debug|Any CPU
		{CFDF9CC8-0B83-4FF0-AC76-36AA6E8DB565}.Debug|Any CPU.Build.0 = Debug|Any CPU
		{CFDF9CC8-0B83-4FF0-AC76-36AA6E8DB565}.Release|Any CPU.ActiveCfg = Release|Any CPU
		{CFDF9CC8-0B83-4FF0-AC76-36AA6E8DB565}.Release|Any CPU.Build.0 = Release|Any CPU
		{53FE6014-FBEC-447A-90AA-F579B13C4B8E}.Debug|Any CPU.ActiveCfg = Debug|Any CPU
		{53FE6014-FBEC-447A-90AA-F579B13C4B8E}.Debug|Any CPU.Build.0 = Debug|Any CPU
		{53FE6014-FBEC-447A-90AA-F579B13C4B8E}.Release|Any CPU.ActiveCfg = Release|Any CPU
		{53FE6014-FBEC-447A-90AA-F579B13C4B8E}.Release|Any CPU.Build.0 = Release|Any CPU
		{95943383-5C81-45B6-8876-4789C00A9255}.Debug|Any CPU.ActiveCfg = Debug|Any CPU
		{95943383-5C81-45B6-8876-4789C00A9255}.Debug|Any CPU.Build.0 = Debug|Any CPU
		{95943383-5C81-45B6-8876-4789C00A9255}.Release|Any CPU.ActiveCfg = Release|Any CPU
		{95943383-5C81-45B6-8876-4789C00A9255}.Release|Any CPU.Build.0 = Release|Any CPU
		{FDBA0506-A4E7-405B-918D-66A195F16C95}.Debug|Any CPU.ActiveCfg = Debug|Any CPU
		{FDBA0506-A4E7-405B-918D-66A195F16C95}.Debug|Any CPU.Build.0 = Debug|Any CPU
		{FDBA0506-A4E7-405B-918D-66A195F16C95}.Release|Any CPU.ActiveCfg = Release|Any CPU
		{FDBA0506-A4E7-405B-918D-66A195F16C95}.Release|Any CPU.Build.0 = Release|Any CPU
		{5916EA70-2109-4349-B976-89CD777FE5A9}.Debug|Any CPU.ActiveCfg = Debug|Any CPU
		{5916EA70-2109-4349-B976-89CD777FE5A9}.Debug|Any CPU.Build.0 = Debug|Any CPU
		{5916EA70-2109-4349-B976-89CD777FE5A9}.Release|Any CPU.ActiveCfg = Release|Any CPU
		{5916EA70-2109-4349-B976-89CD777FE5A9}.Release|Any CPU.Build.0 = Release|Any CPU
		{72E42908-63F6-4981-9023-6018C66604D8}.Debug|Any CPU.ActiveCfg = Debug|Any CPU
		{72E42908-63F6-4981-9023-6018C66604D8}.Debug|Any CPU.Build.0 = Debug|Any CPU
		{72E42908-63F6-4981-9023-6018C66604D8}.Release|Any CPU.ActiveCfg = Release|Any CPU
		{72E42908-63F6-4981-9023-6018C66604D8}.Release|Any CPU.Build.0 = Release|Any CPU
		{C81F1271-131E-4AF8-AA05-658374FB393E}.Debug|Any CPU.ActiveCfg = Debug|Any CPU
		{C81F1271-131E-4AF8-AA05-658374FB393E}.Debug|Any CPU.Build.0 = Debug|Any CPU
		{C81F1271-131E-4AF8-AA05-658374FB393E}.Release|Any CPU.ActiveCfg = Release|Any CPU
		{C81F1271-131E-4AF8-AA05-658374FB393E}.Release|Any CPU.Build.0 = Release|Any CPU
		{54A5828A-61D6-4AF1-89D2-14CF7E336E43}.Debug|Any CPU.ActiveCfg = Debug|Any CPU
		{54A5828A-61D6-4AF1-89D2-14CF7E336E43}.Debug|Any CPU.Build.0 = Debug|Any CPU
		{54A5828A-61D6-4AF1-89D2-14CF7E336E43}.Release|Any CPU.ActiveCfg = Release|Any CPU
		{54A5828A-61D6-4AF1-89D2-14CF7E336E43}.Release|Any CPU.Build.0 = Release|Any CPU
		{F6B99AB6-E840-402B-BE48-B463F0C98104}.Debug|Any CPU.ActiveCfg = Debug|Any CPU
		{F6B99AB6-E840-402B-BE48-B463F0C98104}.Debug|Any CPU.Build.0 = Debug|Any CPU
		{F6B99AB6-E840-402B-BE48-B463F0C98104}.Release|Any CPU.ActiveCfg = Release|Any CPU
		{F6B99AB6-E840-402B-BE48-B463F0C98104}.Release|Any CPU.Build.0 = Release|Any CPU
		{D1373C88-A7F9-404A-A39C-31F2C894EA11}.Debug|Any CPU.ActiveCfg = Debug|Any CPU
		{D1373C88-A7F9-404A-A39C-31F2C894EA11}.Debug|Any CPU.Build.0 = Debug|Any CPU
		{D1373C88-A7F9-404A-A39C-31F2C894EA11}.Release|Any CPU.ActiveCfg = Release|Any CPU
		{D1373C88-A7F9-404A-A39C-31F2C894EA11}.Release|Any CPU.Build.0 = Release|Any CPU
		{A9444B01-1964-4C99-AD57-5A2DF28F702C}.Debug|Any CPU.ActiveCfg = Debug|Any CPU
		{A9444B01-1964-4C99-AD57-5A2DF28F702C}.Debug|Any CPU.Build.0 = Debug|Any CPU
		{A9444B01-1964-4C99-AD57-5A2DF28F702C}.Release|Any CPU.ActiveCfg = Release|Any CPU
		{A9444B01-1964-4C99-AD57-5A2DF28F702C}.Release|Any CPU.Build.0 = Release|Any CPU
		{6F1668FE-3E12-422B-814B-4AA79AF7B775}.Debug|Any CPU.ActiveCfg = Debug|Any CPU
		{6F1668FE-3E12-422B-814B-4AA79AF7B775}.Debug|Any CPU.Build.0 = Debug|Any CPU
		{6F1668FE-3E12-422B-814B-4AA79AF7B775}.Release|Any CPU.ActiveCfg = Release|Any CPU
		{6F1668FE-3E12-422B-814B-4AA79AF7B775}.Release|Any CPU.Build.0 = Release|Any CPU
	EndGlobalSection
	GlobalSection(SolutionProperties) = preSolution
		HideSolutionNode = FALSE
	EndGlobalSection
	GlobalSection(NestedProjects) = preSolution
		{BA1D8E3E-555F-4C20-B6A0-55C146BFBCC7} = {1FB7D402-B430-4487-AAD3-CB96EA00ACB1}
		{FC4133A1-7A82-4AFB-9962-BA84A96B89BC} = {03D8062A-ED63-4568-AFEC-0B31A9F14EF7}
		{6ABD715C-9A22-4BCA-AA78-7D2563410923} = {4EA56CC8-E963-4D0A-990C-4845C8C06056}
		{F1C3F330-D7DE-4181-8ED9-66E6C620D5CD} = {62A1AB08-A2DB-404F-B073-0F89CA780F45}
		{0A58317B-5526-41D6-9FF6-BE50314C7C85} = {4B31AB94-7016-4C77-951E-84792D6EBEAC}
		{CFDF9CC8-0B83-4FF0-AC76-36AA6E8DB565} = {4B31AB94-7016-4C77-951E-84792D6EBEAC}
		{53FE6014-FBEC-447A-90AA-F579B13C4B8E} = {62A1AB08-A2DB-404F-B073-0F89CA780F45}
		{95943383-5C81-45B6-8876-4789C00A9255} = {1FB7D402-B430-4487-AAD3-CB96EA00ACB1}
		{FDBA0506-A4E7-405B-918D-66A195F16C95} = {B7638821-9A76-4994-90DD-8F9C71478E7B}
		{B7638821-9A76-4994-90DD-8F9C71478E7B} = {C6061573-0203-4860-AD42-4C6C2CF55110}
		{5916EA70-2109-4349-B976-89CD777FE5A9} = {B7638821-9A76-4994-90DD-8F9C71478E7B}
		{72E42908-63F6-4981-9023-6018C66604D8} = {62A1AB08-A2DB-404F-B073-0F89CA780F45}
		{C81F1271-131E-4AF8-AA05-658374FB393E} = {4B31AB94-7016-4C77-951E-84792D6EBEAC}
		{62A1AB08-A2DB-404F-B073-0F89CA780F45} = {C6061573-0203-4860-AD42-4C6C2CF55110}
		{4B31AB94-7016-4C77-951E-84792D6EBEAC} = {C6061573-0203-4860-AD42-4C6C2CF55110}
		{54A5828A-61D6-4AF1-89D2-14CF7E336E43} = {BBD032E9-D75E-4CD8-A23A-7234480435BE}
		{F6B99AB6-E840-402B-BE48-B463F0C98104} = {BBD032E9-D75E-4CD8-A23A-7234480435BE}
		{D1373C88-A7F9-404A-A39C-31F2C894EA11} = {60BC7A82-187C-43E2-8C37-DE610700A7FA}
		{A9444B01-1964-4C99-AD57-5A2DF28F702C} = {60BC7A82-187C-43E2-8C37-DE610700A7FA}
		{6F1668FE-3E12-422B-814B-4AA79AF7B775} = {60BC7A82-187C-43E2-8C37-DE610700A7FA}
	EndGlobalSection
	GlobalSection(ExtensibilityGlobals) = postSolution
		SolutionGuid = {A2C23354-4AAD-41AC-9E06-0A6F210ACEEF}
	EndGlobalSection
EndGlobal
