
Microsoft Visual Studio Solution File, Format Version 12.00
# Visual Studio Version 16
VisualStudioVersion = 16.0.29009.5
MinimumVisualStudioVersion = 10.0.40219.1
Project("{9A19103F-16F7-4668-BE54-9A1E7A4F7556}") = "ClassifiedAds.DomainServices", "ClassifiedAds.DomainServices\ClassifiedAds.DomainServices.csproj", "{2855A447-A0CC-485A-91D5-41A5E6F3F9A7}"
EndProject
Project("{9A19103F-16F7-4668-BE54-9A1E7A4F7556}") = "ClassifiedAds.Persistence", "ClassifiedAds.Persistence\ClassifiedAds.Persistence.csproj", "{BA1D8E3E-555F-4C20-B6A0-55C146BFBCC7}"
EndProject
Project("{9A19103F-16F7-4668-BE54-9A1E7A4F7556}") = "ClassifiedAds.Infrastructure", "ClassifiedAds.Infrastructure\ClassifiedAds.Infrastructure.csproj", "{FC4133A1-7A82-4AFB-9962-BA84A96B89BC}"
EndProject
Project("{9A19103F-16F7-4668-BE54-9A1E7A4F7556}") = "ClassifiedAds.ApplicationServices", "ClassifiedAds.ApplicationServices\ClassifiedAds.ApplicationServices.csproj", "{425B86E1-6DC3-47A1-B676-8A20897C7430}"
EndProject
Project("{9A19103F-16F7-4668-BE54-9A1E7A4F7556}") = "ClassifiedAds.CrossCuttingConcerns", "ClassifiedAds.CrossCuttingConcerns\ClassifiedAds.CrossCuttingConcerns.csproj", "{6ABD715C-9A22-4BCA-AA78-7D2563410923}"
EndProject
Project("{9A19103F-16F7-4668-BE54-9A1E7A4F7556}") = "ClassifiedAds.WebAPI", "ClassifiedAds.WebAPI\ClassifiedAds.WebAPI.csproj", "{F1C3F330-D7DE-4181-8ED9-66E6C620D5CD}"
EndProject
Project("{9A19103F-16F7-4668-BE54-9A1E7A4F7556}") = "ClassifiedAds.DomainServices.UnitTests", "ClassifiedAds.DomainServices.UnitTests\ClassifiedAds.DomainServices.UnitTests.csproj", "{BF3DFCEE-9C42-437B-B3EC-D69F2D33AA1E}"
EndProject
Project("{9A19103F-16F7-4668-BE54-9A1E7A4F7556}") = "ClassifiedAds.WebAPI.IntegrationTests", "ClassifiedAds.WebAPI.IntegrationTests\ClassifiedAds.WebAPI.IntegrationTests.csproj", "{3BB84036-C9F0-4E49-B33E-051B81064CC9}"
EndProject
Project("{9A19103F-16F7-4668-BE54-9A1E7A4F7556}") = "ClassifiedAds.IdentityServer", "ClassifiedAds.IdentityServer\ClassifiedAds.IdentityServer.csproj", "{0A58317B-5526-41D6-9FF6-BE50314C7C85}"
EndProject
Project("{9A19103F-16F7-4668-BE54-9A1E7A4F7556}") = "ClassifiedAds.WebMVC", "ClassifiedAds.WebMVC\ClassifiedAds.WebMVC.csproj", "{CFDF9CC8-0B83-4FF0-AC76-36AA6E8DB565}"
EndProject
Project("{9A19103F-16F7-4668-BE54-9A1E7A4F7556}") = "ClassifiedAds.WebMVC.AutomationTests", "ClassifiedAds.WebMVC.AutomationTests\ClassifiedAds.WebMVC.AutomationTests.csproj", "{3B4CC496-3DD8-4FAC-8CBD-7D3823836410}"
EndProject
Project("{2150E333-8FDC-42A3-9474-1A3956D46DE8}") = "Presentations", "Presentations", "{C6061573-0203-4860-AD42-4C6C2CF55110}"
EndProject
Project("{2150E333-8FDC-42A3-9474-1A3956D46DE8}") = "Infrastructure", "Infrastructure", "{03D8062A-ED63-4568-AFEC-0B31A9F14EF7}"
EndProject
Project("{2150E333-8FDC-42A3-9474-1A3956D46DE8}") = "CrossCuttingConcerns", "CrossCuttingConcerns", "{4EA56CC8-E963-4D0A-990C-4845C8C06056}"
EndProject
Project("{2150E333-8FDC-42A3-9474-1A3956D46DE8}") = "Persistence", "Persistence", "{1FB7D402-B430-4487-AAD3-CB96EA00ACB1}"
EndProject
Project("{2150E333-8FDC-42A3-9474-1A3956D46DE8}") = "Services", "Services", "{BBD032E9-D75E-4CD8-A23A-7234480435BE}"
EndProject
Project("{9A19103F-16F7-4668-BE54-9A1E7A4F7556}") = "ClassifiedAds.BackgroundServices", "ClassifiedAds.BackgroundServices\ClassifiedAds.BackgroundServices.csproj", "{D579E4B4-FE95-41F7-A67A-2D46BB29396E}"
EndProject
Project("{9A19103F-16F7-4668-BE54-9A1E7A4F7556}") = "ClassifiedAds.NotificationServer", "ClassifiedAds.NotificationServer\ClassifiedAds.NotificationServer.csproj", "{53FE6014-FBEC-447A-90AA-F579B13C4B8E}"
EndProject
Project("{9A19103F-16F7-4668-BE54-9A1E7A4F7556}") = "ClassifiedAds.Migrator", "ClassifiedAds.Migrator\ClassifiedAds.Migrator.csproj", "{95943383-5C81-45B6-8876-4789C00A9255}"
EndProject
Project("{2150E333-8FDC-42A3-9474-1A3956D46DE8}") = "Tests", "Tests", "{60BC7A82-187C-43E2-8C37-DE610700A7FA}"
EndProject
Project("{9A19103F-16F7-4668-BE54-9A1E7A4F7556}") = "ClassifiedAds.GraphQL", "ClassifiedAds.GraphQL\ClassifiedAds.GraphQL.csproj", "{FDBA0506-A4E7-405B-918D-66A195F16C95}"
EndProject
Project("{2150E333-8FDC-42A3-9474-1A3956D46DE8}") = "Proxies", "Proxies", "{B7638821-9A76-4994-90DD-8F9C71478E7B}"
EndProject
Project("{9A19103F-16F7-4668-BE54-9A1E7A4F7556}") = "ClassifiedAds.GraphQL.IntegrationTests", "ClassifiedAds.GraphQL.IntegrationTests\ClassifiedAds.GraphQL.IntegrationTests.csproj", "{8BA96FA5-059D-4BBC-B124-39A262BC4BE9}"
EndProject
Project("{9A19103F-16F7-4668-BE54-9A1E7A4F7556}") = "ClassifiedAds.Ocelot", "ClassifiedAds.Ocelot\ClassifiedAds.Ocelot.csproj", "{5916EA70-2109-4349-B976-89CD777FE5A9}"
EndProject
Project("{9A19103F-16F7-4668-BE54-9A1E7A4F7556}") = "ClassifiedAds.Ocelot.IntegrationTests", "ClassifiedAds.Ocelot.IntegrationTests\ClassifiedAds.Ocelot.IntegrationTests.csproj", "{7EA035EF-0BB5-4E35-B8B1-0937FD3BE5E4}"
EndProject
Project("{9A19103F-16F7-4668-BE54-9A1E7A4F7556}") = "ClassifiedAds.GRPC", "ClassifiedAds.GRPC\ClassifiedAds.GRPC.csproj", "{3EF8D405-42D0-4BC5-8C37-CDF030477646}"
EndProject
Project("{9A19103F-16F7-4668-BE54-9A1E7A4F7556}") = "ClassifiedAds.GRPC.IntegrationTests", "ClassifiedAds.GRPC.IntegrationTests\ClassifiedAds.GRPC.IntegrationTests.csproj", "{9AF360EF-07B2-4584-A7C7-7CE3CC782887}"
EndProject
Project("{2150E333-8FDC-42A3-9474-1A3956D46DE8}") = "UnitTests", "UnitTests", "{423CE4CB-2076-48C5-A389-D30999B08F52}"
EndProject
Project("{2150E333-8FDC-42A3-9474-1A3956D46DE8}") = "IntegrationTests", "IntegrationTests", "{173ECE2E-FF30-4471-9484-2410BB7963C8}"
EndProject
Project("{2150E333-8FDC-42A3-9474-1A3956D46DE8}") = "FunctionalTests", "FunctionalTests", "{9E758648-749A-45B1-9096-0A4B05427626}"
EndProject
Project("{9A19103F-16F7-4668-BE54-9A1E7A4F7556}") = "ClassifiedAds.BlazorServerSide", "ClassifiedAds.BlazorServerSide\ClassifiedAds.BlazorServerSide.csproj", "{CFB095AD-C111-422F-BE9F-9B999127602F}"
EndProject
Global
	GlobalSection(SolutionConfigurationPlatforms) = preSolution
		Debug|Any CPU = Debug|Any CPU
		Release|Any CPU = Release|Any CPU
	EndGlobalSection
	GlobalSection(ProjectConfigurationPlatforms) = postSolution
		{2855A447-A0CC-485A-91D5-41A5E6F3F9A7}.Debug|Any CPU.ActiveCfg = Debug|Any CPU
		{2855A447-A0CC-485A-91D5-41A5E6F3F9A7}.Debug|Any CPU.Build.0 = Debug|Any CPU
		{2855A447-A0CC-485A-91D5-41A5E6F3F9A7}.Release|Any CPU.ActiveCfg = Release|Any CPU
		{2855A447-A0CC-485A-91D5-41A5E6F3F9A7}.Release|Any CPU.Build.0 = Release|Any CPU
		{BA1D8E3E-555F-4C20-B6A0-55C146BFBCC7}.Debug|Any CPU.ActiveCfg = Debug|Any CPU
		{BA1D8E3E-555F-4C20-B6A0-55C146BFBCC7}.Debug|Any CPU.Build.0 = Debug|Any CPU
		{BA1D8E3E-555F-4C20-B6A0-55C146BFBCC7}.Release|Any CPU.ActiveCfg = Release|Any CPU
		{BA1D8E3E-555F-4C20-B6A0-55C146BFBCC7}.Release|Any CPU.Build.0 = Release|Any CPU
		{FC4133A1-7A82-4AFB-9962-BA84A96B89BC}.Debug|Any CPU.ActiveCfg = Debug|Any CPU
		{FC4133A1-7A82-4AFB-9962-BA84A96B89BC}.Debug|Any CPU.Build.0 = Debug|Any CPU
		{FC4133A1-7A82-4AFB-9962-BA84A96B89BC}.Release|Any CPU.ActiveCfg = Release|Any CPU
		{FC4133A1-7A82-4AFB-9962-BA84A96B89BC}.Release|Any CPU.Build.0 = Release|Any CPU
		{425B86E1-6DC3-47A1-B676-8A20897C7430}.Debug|Any CPU.ActiveCfg = Debug|Any CPU
		{425B86E1-6DC3-47A1-B676-8A20897C7430}.Debug|Any CPU.Build.0 = Debug|Any CPU
		{425B86E1-6DC3-47A1-B676-8A20897C7430}.Release|Any CPU.ActiveCfg = Release|Any CPU
		{425B86E1-6DC3-47A1-B676-8A20897C7430}.Release|Any CPU.Build.0 = Release|Any CPU
		{6ABD715C-9A22-4BCA-AA78-7D2563410923}.Debug|Any CPU.ActiveCfg = Debug|Any CPU
		{6ABD715C-9A22-4BCA-AA78-7D2563410923}.Debug|Any CPU.Build.0 = Debug|Any CPU
		{6ABD715C-9A22-4BCA-AA78-7D2563410923}.Release|Any CPU.ActiveCfg = Release|Any CPU
		{6ABD715C-9A22-4BCA-AA78-7D2563410923}.Release|Any CPU.Build.0 = Release|Any CPU
		{F1C3F330-D7DE-4181-8ED9-66E6C620D5CD}.Debug|Any CPU.ActiveCfg = Debug|Any CPU
		{F1C3F330-D7DE-4181-8ED9-66E6C620D5CD}.Debug|Any CPU.Build.0 = Debug|Any CPU
		{F1C3F330-D7DE-4181-8ED9-66E6C620D5CD}.Release|Any CPU.ActiveCfg = Release|Any CPU
		{F1C3F330-D7DE-4181-8ED9-66E6C620D5CD}.Release|Any CPU.Build.0 = Release|Any CPU
		{BF3DFCEE-9C42-437B-B3EC-D69F2D33AA1E}.Debug|Any CPU.ActiveCfg = Debug|Any CPU
		{BF3DFCEE-9C42-437B-B3EC-D69F2D33AA1E}.Debug|Any CPU.Build.0 = Debug|Any CPU
		{BF3DFCEE-9C42-437B-B3EC-D69F2D33AA1E}.Release|Any CPU.ActiveCfg = Release|Any CPU
		{BF3DFCEE-9C42-437B-B3EC-D69F2D33AA1E}.Release|Any CPU.Build.0 = Release|Any CPU
		{3BB84036-C9F0-4E49-B33E-051B81064CC9}.Debug|Any CPU.ActiveCfg = Debug|Any CPU
		{3BB84036-C9F0-4E49-B33E-051B81064CC9}.Debug|Any CPU.Build.0 = Debug|Any CPU
		{3BB84036-C9F0-4E49-B33E-051B81064CC9}.Release|Any CPU.ActiveCfg = Release|Any CPU
		{3BB84036-C9F0-4E49-B33E-051B81064CC9}.Release|Any CPU.Build.0 = Release|Any CPU
		{0A58317B-5526-41D6-9FF6-BE50314C7C85}.Debug|Any CPU.ActiveCfg = Debug|Any CPU
		{0A58317B-5526-41D6-9FF6-BE50314C7C85}.Debug|Any CPU.Build.0 = Debug|Any CPU
		{0A58317B-5526-41D6-9FF6-BE50314C7C85}.Release|Any CPU.ActiveCfg = Release|Any CPU
		{0A58317B-5526-41D6-9FF6-BE50314C7C85}.Release|Any CPU.Build.0 = Release|Any CPU
		{CFDF9CC8-0B83-4FF0-AC76-36AA6E8DB565}.Debug|Any CPU.ActiveCfg = Debug|Any CPU
		{CFDF9CC8-0B83-4FF0-AC76-36AA6E8DB565}.Debug|Any CPU.Build.0 = Debug|Any CPU
		{CFDF9CC8-0B83-4FF0-AC76-36AA6E8DB565}.Release|Any CPU.ActiveCfg = Release|Any CPU
		{CFDF9CC8-0B83-4FF0-AC76-36AA6E8DB565}.Release|Any CPU.Build.0 = Release|Any CPU
		{3B4CC496-3DD8-4FAC-8CBD-7D3823836410}.Debug|Any CPU.ActiveCfg = Debug|Any CPU
		{3B4CC496-3DD8-4FAC-8CBD-7D3823836410}.Debug|Any CPU.Build.0 = Debug|Any CPU
		{3B4CC496-3DD8-4FAC-8CBD-7D3823836410}.Release|Any CPU.ActiveCfg = Release|Any CPU
		{3B4CC496-3DD8-4FAC-8CBD-7D3823836410}.Release|Any CPU.Build.0 = Release|Any CPU
		{D579E4B4-FE95-41F7-A67A-2D46BB29396E}.Debug|Any CPU.ActiveCfg = Debug|Any CPU
		{D579E4B4-FE95-41F7-A67A-2D46BB29396E}.Debug|Any CPU.Build.0 = Debug|Any CPU
		{D579E4B4-FE95-41F7-A67A-2D46BB29396E}.Release|Any CPU.ActiveCfg = Release|Any CPU
		{D579E4B4-FE95-41F7-A67A-2D46BB29396E}.Release|Any CPU.Build.0 = Release|Any CPU
		{53FE6014-FBEC-447A-90AA-F579B13C4B8E}.Debug|Any CPU.ActiveCfg = Debug|Any CPU
		{53FE6014-FBEC-447A-90AA-F579B13C4B8E}.Debug|Any CPU.Build.0 = Debug|Any CPU
		{53FE6014-FBEC-447A-90AA-F579B13C4B8E}.Release|Any CPU.ActiveCfg = Release|Any CPU
		{53FE6014-FBEC-447A-90AA-F579B13C4B8E}.Release|Any CPU.Build.0 = Release|Any CPU
		{95943383-5C81-45B6-8876-4789C00A9255}.Debug|Any CPU.ActiveCfg = Debug|Any CPU
		{95943383-5C81-45B6-8876-4789C00A9255}.Debug|Any CPU.Build.0 = Debug|Any CPU
		{95943383-5C81-45B6-8876-4789C00A9255}.Release|Any CPU.ActiveCfg = Release|Any CPU
		{95943383-5C81-45B6-8876-4789C00A9255}.Release|Any CPU.Build.0 = Release|Any CPU
		{FDBA0506-A4E7-405B-918D-66A195F16C95}.Debug|Any CPU.ActiveCfg = Debug|Any CPU
		{FDBA0506-A4E7-405B-918D-66A195F16C95}.Debug|Any CPU.Build.0 = Debug|Any CPU
		{FDBA0506-A4E7-405B-918D-66A195F16C95}.Release|Any CPU.ActiveCfg = Release|Any CPU
		{FDBA0506-A4E7-405B-918D-66A195F16C95}.Release|Any CPU.Build.0 = Release|Any CPU
		{8BA96FA5-059D-4BBC-B124-39A262BC4BE9}.Debug|Any CPU.ActiveCfg = Debug|Any CPU
		{8BA96FA5-059D-4BBC-B124-39A262BC4BE9}.Debug|Any CPU.Build.0 = Debug|Any CPU
		{8BA96FA5-059D-4BBC-B124-39A262BC4BE9}.Release|Any CPU.ActiveCfg = Release|Any CPU
		{8BA96FA5-059D-4BBC-B124-39A262BC4BE9}.Release|Any CPU.Build.0 = Release|Any CPU
		{5916EA70-2109-4349-B976-89CD777FE5A9}.Debug|Any CPU.ActiveCfg = Debug|Any CPU
		{5916EA70-2109-4349-B976-89CD777FE5A9}.Debug|Any CPU.Build.0 = Debug|Any CPU
		{5916EA70-2109-4349-B976-89CD777FE5A9}.Release|Any CPU.ActiveCfg = Release|Any CPU
		{5916EA70-2109-4349-B976-89CD777FE5A9}.Release|Any CPU.Build.0 = Release|Any CPU
		{7EA035EF-0BB5-4E35-B8B1-0937FD3BE5E4}.Debug|Any CPU.ActiveCfg = Debug|Any CPU
		{7EA035EF-0BB5-4E35-B8B1-0937FD3BE5E4}.Debug|Any CPU.Build.0 = Debug|Any CPU
		{7EA035EF-0BB5-4E35-B8B1-0937FD3BE5E4}.Release|Any CPU.ActiveCfg = Release|Any CPU
		{7EA035EF-0BB5-4E35-B8B1-0937FD3BE5E4}.Release|Any CPU.Build.0 = Release|Any CPU
		{3EF8D405-42D0-4BC5-8C37-CDF030477646}.Debug|Any CPU.ActiveCfg = Debug|Any CPU
		{3EF8D405-42D0-4BC5-8C37-CDF030477646}.Debug|Any CPU.Build.0 = Debug|Any CPU
		{3EF8D405-42D0-4BC5-8C37-CDF030477646}.Release|Any CPU.ActiveCfg = Release|Any CPU
		{3EF8D405-42D0-4BC5-8C37-CDF030477646}.Release|Any CPU.Build.0 = Release|Any CPU
		{9AF360EF-07B2-4584-A7C7-7CE3CC782887}.Debug|Any CPU.ActiveCfg = Debug|Any CPU
		{9AF360EF-07B2-4584-A7C7-7CE3CC782887}.Debug|Any CPU.Build.0 = Debug|Any CPU
		{9AF360EF-07B2-4584-A7C7-7CE3CC782887}.Release|Any CPU.ActiveCfg = Release|Any CPU
		{9AF360EF-07B2-4584-A7C7-7CE3CC782887}.Release|Any CPU.Build.0 = Release|Any CPU
		{CFB095AD-C111-422F-BE9F-9B999127602F}.Debug|Any CPU.ActiveCfg = Debug|Any CPU
		{CFB095AD-C111-422F-BE9F-9B999127602F}.Debug|Any CPU.Build.0 = Debug|Any CPU
		{CFB095AD-C111-422F-BE9F-9B999127602F}.Release|Any CPU.ActiveCfg = Release|Any CPU
		{CFB095AD-C111-422F-BE9F-9B999127602F}.Release|Any CPU.Build.0 = Release|Any CPU
	EndGlobalSection
	GlobalSection(SolutionProperties) = preSolution
		HideSolutionNode = FALSE
	EndGlobalSection
	GlobalSection(NestedProjects) = preSolution
		{2855A447-A0CC-485A-91D5-41A5E6F3F9A7} = {BBD032E9-D75E-4CD8-A23A-7234480435BE}
		{BA1D8E3E-555F-4C20-B6A0-55C146BFBCC7} = {1FB7D402-B430-4487-AAD3-CB96EA00ACB1}
		{FC4133A1-7A82-4AFB-9962-BA84A96B89BC} = {03D8062A-ED63-4568-AFEC-0B31A9F14EF7}
		{425B86E1-6DC3-47A1-B676-8A20897C7430} = {BBD032E9-D75E-4CD8-A23A-7234480435BE}
		{6ABD715C-9A22-4BCA-AA78-7D2563410923} = {4EA56CC8-E963-4D0A-990C-4845C8C06056}
		{F1C3F330-D7DE-4181-8ED9-66E6C620D5CD} = {C6061573-0203-4860-AD42-4C6C2CF55110}
		{BF3DFCEE-9C42-437B-B3EC-D69F2D33AA1E} = {423CE4CB-2076-48C5-A389-D30999B08F52}
		{3BB84036-C9F0-4E49-B33E-051B81064CC9} = {173ECE2E-FF30-4471-9484-2410BB7963C8}
		{0A58317B-5526-41D6-9FF6-BE50314C7C85} = {C6061573-0203-4860-AD42-4C6C2CF55110}
		{CFDF9CC8-0B83-4FF0-AC76-36AA6E8DB565} = {C6061573-0203-4860-AD42-4C6C2CF55110}
		{3B4CC496-3DD8-4FAC-8CBD-7D3823836410} = {9E758648-749A-45B1-9096-0A4B05427626}
		{D579E4B4-FE95-41F7-A67A-2D46BB29396E} = {C6061573-0203-4860-AD42-4C6C2CF55110}
		{53FE6014-FBEC-447A-90AA-F579B13C4B8E} = {C6061573-0203-4860-AD42-4C6C2CF55110}
		{95943383-5C81-45B6-8876-4789C00A9255} = {1FB7D402-B430-4487-AAD3-CB96EA00ACB1}
		{FDBA0506-A4E7-405B-918D-66A195F16C95} = {B7638821-9A76-4994-90DD-8F9C71478E7B}
		{8BA96FA5-059D-4BBC-B124-39A262BC4BE9} = {173ECE2E-FF30-4471-9484-2410BB7963C8}
		{5916EA70-2109-4349-B976-89CD777FE5A9} = {B7638821-9A76-4994-90DD-8F9C71478E7B}
		{7EA035EF-0BB5-4E35-B8B1-0937FD3BE5E4} = {173ECE2E-FF30-4471-9484-2410BB7963C8}
		{3EF8D405-42D0-4BC5-8C37-CDF030477646} = {C6061573-0203-4860-AD42-4C6C2CF55110}
		{9AF360EF-07B2-4584-A7C7-7CE3CC782887} = {173ECE2E-FF30-4471-9484-2410BB7963C8}
		{423CE4CB-2076-48C5-A389-D30999B08F52} = {60BC7A82-187C-43E2-8C37-DE610700A7FA}
		{173ECE2E-FF30-4471-9484-2410BB7963C8} = {60BC7A82-187C-43E2-8C37-DE610700A7FA}
		{9E758648-749A-45B1-9096-0A4B05427626} = {60BC7A82-187C-43E2-8C37-DE610700A7FA}
		{CFB095AD-C111-422F-BE9F-9B999127602F} = {C6061573-0203-4860-AD42-4C6C2CF55110}
	EndGlobalSection
	GlobalSection(ExtensibilityGlobals) = postSolution
		SolutionGuid = {A2C23354-4AAD-41AC-9E06-0A6F210ACEEF}
	EndGlobalSection
EndGlobal
